
Microsoft Visual Studio Solution File, Format Version 12.00
# Visual Studio Version 17
VisualStudioVersion = 17.4.33213.308
MinimumVisualStudioVersion = 10.0.40219.1
Project("{FAE04EC0-301F-11D3-BF4B-00C04F79EFBC}") = "CalaculadoraVision", "CalaculadoraVision\CalaculadoraVision.csproj", "{4176BB36-57AD-45E4-B104-97E6AD54D7DD}"
EndProject
Global
	GlobalSection(SolutionConfigurationPlatforms) = preSolution
		Debug|Any CPU = Debug|Any CPU
		Release|Any CPU = Release|Any CPU
	EndGlobalSection
	GlobalSection(ProjectConfigurationPlatforms) = postSolution
		{4176BB36-57AD-45E4-B104-97E6AD54D7DD}.Debug|Any CPU.ActiveCfg = Debug|Any CPU
		{4176BB36-57AD-45E4-B104-97E6AD54D7DD}.Debug|Any CPU.Build.0 = Debug|Any CPU
		{4176BB36-57AD-45E4-B104-97E6AD54D7DD}.Release|Any CPU.ActiveCfg = Release|Any CPU
		{4176BB36-57AD-45E4-B104-97E6AD54D7DD}.Release|Any CPU.Build.0 = Release|Any CPU
	EndGlobalSection
	GlobalSection(SolutionProperties) = preSolution
		HideSolutionNode = FALSE
	EndGlobalSection
	GlobalSection(ExtensibilityGlobals) = postSolution
		SolutionGuid = {D6FB38F3-66D5-4E15-8FD0-3DC2AA924C47}
	EndGlobalSection
EndGlobal
